
Microsoft Visual Studio Solution File, Format Version 11.00
# Visual Studio 2010
Project("{8BC9CEB8-8B4A-11D0-8D11-00A0C91BC942}") = "proj5", "proj5\proj5.vcxproj", "{F1EF8479-2A70-40A2-8995-BF7A9F15D32F}"
EndProject
Global
	GlobalSection(SolutionConfigurationPlatforms) = preSolution
		Debug|Win32 = Debug|Win32
		Release|Win32 = Release|Win32
	EndGlobalSection
	GlobalSection(ProjectConfigurationPlatforms) = postSolution
		{F1EF8479-2A70-40A2-8995-BF7A9F15D32F}.Debug|Win32.ActiveCfg = Debug|Win32
		{F1EF8479-2A70-40A2-8995-BF7A9F15D32F}.Debug|Win32.Build.0 = Debug|Win32
		{F1EF8479-2A70-40A2-8995-BF7A9F15D32F}.Release|Win32.ActiveCfg = Release|Win32
		{F1EF8479-2A70-40A2-8995-BF7A9F15D32F}.Release|Win32.Build.0 = Release|Win32
	EndGlobalSection
	GlobalSection(SolutionProperties) = preSolution
		HideSolutionNode = FALSE
	EndGlobalSection
EndGlobal
