
Microsoft Visual Studio Solution File, Format Version 11.00
# Visual Studio 2010
Project("{8BC9CEB8-8B4A-11D0-8D11-00A0C91BC942}") = "proj1", "proj1\proj1.vcxproj", "{215734CD-2CB5-4E74-B0B3-E1ADC5AD02CC}"
EndProject
Global
	GlobalSection(SolutionConfigurationPlatforms) = preSolution
		Debug|Win32 = Debug|Win32
		Release|Win32 = Release|Win32
	EndGlobalSection
	GlobalSection(ProjectConfigurationPlatforms) = postSolution
		{215734CD-2CB5-4E74-B0B3-E1ADC5AD02CC}.Debug|Win32.ActiveCfg = Debug|Win32
		{215734CD-2CB5-4E74-B0B3-E1ADC5AD02CC}.Debug|Win32.Build.0 = Debug|Win32
		{215734CD-2CB5-4E74-B0B3-E1ADC5AD02CC}.Release|Win32.ActiveCfg = Release|Win32
		{215734CD-2CB5-4E74-B0B3-E1ADC5AD02CC}.Release|Win32.Build.0 = Release|Win32
	EndGlobalSection
	GlobalSection(SolutionProperties) = preSolution
		HideSolutionNode = FALSE
	EndGlobalSection
EndGlobal
