
Microsoft Visual Studio Solution File, Format Version 11.00
# Visual Studio 2010
Project("{8BC9CEB8-8B4A-11D0-8D11-00A0C91BC942}") = "proj2", "proj2\proj2.vcxproj", "{AE2EDEE8-32AF-4371-A026-69F1AC67E986}"
EndProject
Global
	GlobalSection(SolutionConfigurationPlatforms) = preSolution
		Debug|Win32 = Debug|Win32
		Release|Win32 = Release|Win32
	EndGlobalSection
	GlobalSection(ProjectConfigurationPlatforms) = postSolution
		{AE2EDEE8-32AF-4371-A026-69F1AC67E986}.Debug|Win32.ActiveCfg = Debug|Win32
		{AE2EDEE8-32AF-4371-A026-69F1AC67E986}.Debug|Win32.Build.0 = Debug|Win32
		{AE2EDEE8-32AF-4371-A026-69F1AC67E986}.Release|Win32.ActiveCfg = Release|Win32
		{AE2EDEE8-32AF-4371-A026-69F1AC67E986}.Release|Win32.Build.0 = Release|Win32
	EndGlobalSection
	GlobalSection(SolutionProperties) = preSolution
		HideSolutionNode = FALSE
	EndGlobalSection
EndGlobal
