
Microsoft Visual Studio Solution File, Format Version 11.00
# Visual Studio 2010
Project("{8BC9CEB8-8B4A-11D0-8D11-00A0C91BC942}") = "proj3", "proj3\proj3.vcxproj", "{86939C6A-1EAE-4E1C-9557-A635CA686789}"
EndProject
Global
	GlobalSection(SolutionConfigurationPlatforms) = preSolution
		Debug|Win32 = Debug|Win32
		Release|Win32 = Release|Win32
	EndGlobalSection
	GlobalSection(ProjectConfigurationPlatforms) = postSolution
		{86939C6A-1EAE-4E1C-9557-A635CA686789}.Debug|Win32.ActiveCfg = Debug|Win32
		{86939C6A-1EAE-4E1C-9557-A635CA686789}.Debug|Win32.Build.0 = Debug|Win32
		{86939C6A-1EAE-4E1C-9557-A635CA686789}.Release|Win32.ActiveCfg = Release|Win32
		{86939C6A-1EAE-4E1C-9557-A635CA686789}.Release|Win32.Build.0 = Release|Win32
	EndGlobalSection
	GlobalSection(SolutionProperties) = preSolution
		HideSolutionNode = FALSE
	EndGlobalSection
EndGlobal
